
Microsoft Visual Studio Solution File, Format Version 12.00
# Visual Studio Version 16
VisualStudioVersion = 16.0.810.9
MinimumVisualStudioVersion = 10.0.40219.1
Project("{FAE04EC0-301F-11D3-BF4B-00C04F79EFBC}") = "UDS.Net.Web", "UDS.Net.Web\UDS.Net.Web.csproj", "{94678799-6E91-42E0-868C-7D61F5850B7B}"
EndProject
Project("{FAE04EC0-301F-11D3-BF4B-00C04F79EFBC}") = "UDS.Net.Data", "UDS.Net.Data\UDS.Net.Data.csproj", "{03C25BC4-41C2-404E-B826-23AB3D1E35C2}"
EndProject
Global
	GlobalSection(SolutionConfigurationPlatforms) = preSolution
		Debug|Any CPU = Debug|Any CPU
		Release|Any CPU = Release|Any CPU
	EndGlobalSection
	GlobalSection(ProjectConfigurationPlatforms) = postSolution
		{94678799-6E91-42E0-868C-7D61F5850B7B}.Debug|Any CPU.ActiveCfg = Debug|Any CPU
		{94678799-6E91-42E0-868C-7D61F5850B7B}.Debug|Any CPU.Build.0 = Debug|Any CPU
		{94678799-6E91-42E0-868C-7D61F5850B7B}.Release|Any CPU.ActiveCfg = Release|Any CPU
		{94678799-6E91-42E0-868C-7D61F5850B7B}.Release|Any CPU.Build.0 = Release|Any CPU
		{03C25BC4-41C2-404E-B826-23AB3D1E35C2}.Debug|Any CPU.ActiveCfg = Debug|Any CPU
		{03C25BC4-41C2-404E-B826-23AB3D1E35C2}.Debug|Any CPU.Build.0 = Debug|Any CPU
		{03C25BC4-41C2-404E-B826-23AB3D1E35C2}.Release|Any CPU.ActiveCfg = Release|Any CPU
		{03C25BC4-41C2-404E-B826-23AB3D1E35C2}.Release|Any CPU.Build.0 = Release|Any CPU
	EndGlobalSection
	GlobalSection(SolutionProperties) = preSolution
		HideSolutionNode = FALSE
	EndGlobalSection
	GlobalSection(ExtensibilityGlobals) = postSolution
		SolutionGuid = {CBE917AB-CA96-4196-BCC7-C229CE5FDA4F}
	EndGlobalSection
EndGlobal
